
Microsoft Visual Studio Solution File, Format Version 12.00
# Visual Studio Version 17
VisualStudioVersion = 17.14.36109.1 d17.14
MinimumVisualStudioVersion = 10.0.40219.1
Project("{888888A0-9F3D-457C-B088-3A5042F75D52}") = "calculate", "calculate.pyproj", "{4AD7BFE6-F5F1-457C-A5A8-0D97666A8BDC}"
EndProject
Global
	GlobalSection(SolutionConfigurationPlatforms) = preSolution
		Debug|Any CPU = Debug|Any CPU
		Release|Any CPU = Release|Any CPU
	EndGlobalSection
	GlobalSection(ProjectConfigurationPlatforms) = postSolution
		{4AD7BFE6-F5F1-457C-A5A8-0D97666A8BDC}.Debug|Any CPU.ActiveCfg = Debug|Any CPU
		{4AD7BFE6-F5F1-457C-A5A8-0D97666A8BDC}.Release|Any CPU.ActiveCfg = Release|Any CPU
	EndGlobalSection
	GlobalSection(SolutionProperties) = preSolution
		HideSolutionNode = FALSE
	EndGlobalSection
	GlobalSection(ExtensibilityGlobals) = postSolution
		SolutionGuid = {4E55ED3A-EDB9-4FDD-AB5F-4AC594FE213D}
	EndGlobalSection
EndGlobal
